
Microsoft Visual Studio Solution File, Format Version 12.00
# Visual Studio Version 17
VisualStudioVersion = 17.8.34525.116
MinimumVisualStudioVersion = 10.0.40219.1
Project("{9A19103F-16F7-4668-BE54-9A1E7A4F7556}") = "CoarseSoftware.Testing.Framework.Core", "CoarseSoftware.Testing.Framework.Core\CoarseSoftware.Testing.Framework.Core.csproj", "{24F980AB-9615-4897-B024-41F720B0A17F}"
EndProject
Project("{9A19103F-16F7-4668-BE54-9A1E7A4F7556}") = "CoarseSoftware.Testing.Framework.Examples.Test.NUnit", "CoarseSoftware.Testing.Framework.Examples.Test.NUnit\CoarseSoftware.Testing.Framework.Examples.Test.NUnit.csproj", "{21A92D6A-2D3E-43D4-A790-5B53EB6AA1FB}"
EndProject
Global
	GlobalSection(SolutionConfigurationPlatforms) = preSolution
		Debug|Any CPU = Debug|Any CPU
		Release|Any CPU = Release|Any CPU
	EndGlobalSection
	GlobalSection(ProjectConfigurationPlatforms) = postSolution
		{24F980AB-9615-4897-B024-41F720B0A17F}.Debug|Any CPU.ActiveCfg = Debug|Any CPU
		{24F980AB-9615-4897-B024-41F720B0A17F}.Debug|Any CPU.Build.0 = Debug|Any CPU
		{24F980AB-9615-4897-B024-41F720B0A17F}.Release|Any CPU.ActiveCfg = Release|Any CPU
		{24F980AB-9615-4897-B024-41F720B0A17F}.Release|Any CPU.Build.0 = Release|Any CPU
		{21A92D6A-2D3E-43D4-A790-5B53EB6AA1FB}.Debug|Any CPU.ActiveCfg = Debug|Any CPU
		{21A92D6A-2D3E-43D4-A790-5B53EB6AA1FB}.Debug|Any CPU.Build.0 = Debug|Any CPU
		{21A92D6A-2D3E-43D4-A790-5B53EB6AA1FB}.Release|Any CPU.ActiveCfg = Release|Any CPU
		{21A92D6A-2D3E-43D4-A790-5B53EB6AA1FB}.Release|Any CPU.Build.0 = Release|Any CPU
	EndGlobalSection
	GlobalSection(SolutionProperties) = preSolution
		HideSolutionNode = FALSE
	EndGlobalSection
	GlobalSection(ExtensibilityGlobals) = postSolution
		SolutionGuid = {5432A937-FF96-4DC9-A75A-786CCC550E8B}
	EndGlobalSection
EndGlobal
